// !$*UTF8*$!
{
	archiveVersion = 1;
	classes = {
	};
	objectVersion = 56;
	objects = {

/* Begin PBXBuildFile section */
		083A490B2C80191E00E310C3 /* SDWebImageSwiftUI in Frameworks */ = {isa = PBXBuildFile; productRef = 083A490A2C80191E00E310C3 /* SDWebImageSwiftUI */; };
		087FED892C7D780C002E76F2 /* ApiNetwork.swift in Sources */ = {isa = PBXBuildFile; fileRef = 087FED882C7D780C002E76F2 /* ApiNetwork.swift */; };
		08BA02892C7A9B5B00EAFFA1 /* superhero_finderApp.swift in Sources */ = {isa = PBXBuildFile; fileRef = 08BA02882C7A9B5B00EAFFA1 /* superhero_finderApp.swift */; };
		08BA028B2C7A9B5B00EAFFA1 /* StackNavigation.swift in Sources */ = {isa = PBXBuildFile; fileRef = 08BA028A2C7A9B5B00EAFFA1 /* StackNavigation.swift */; };
		08BA028D2C7A9B5C00EAFFA1 /* Assets.xcassets in Resources */ = {isa = PBXBuildFile; fileRef = 08BA028C2C7A9B5C00EAFFA1 /* Assets.xcassets */; };
		08BA02902C7A9B5C00EAFFA1 /* Preview Assets.xcassets in Resources */ = {isa = PBXBuildFile; fileRef = 08BA028F2C7A9B5C00EAFFA1 /* Preview Assets.xcassets */; };
		08BA02992C7AA3BB00EAFFA1 /* PrincipalView.swift in Sources */ = {isa = PBXBuildFile; fileRef = 08BA02982C7AA3BB00EAFFA1 /* PrincipalView.swift */; };
		08C5BD902C815DF400FEBFF8 /* SuperheroDetail.swift in Sources */ = {isa = PBXBuildFile; fileRef = 08C5BD8F2C815DF400FEBFF8 /* SuperheroDetail.swift */; };
/* End PBXBuildFile section */

/* Begin PBXFileReference section */
		087FED882C7D780C002E76F2 /* ApiNetwork.swift */ = {isa = PBXFileReference; lastKnownFileType = sourcecode.swift; path = ApiNetwork.swift; sourceTree = "<group>"; };
		08BA02852C7A9B5B00EAFFA1 /* superhero_finder.app */ = {isa = PBXFileReference; explicitFileType = wrapper.application; includeInIndex = 0; path = superhero_finder.app; sourceTree = BUILT_PRODUCTS_DIR; };
		08BA02882C7A9B5B00EAFFA1 /* superhero_finderApp.swift */ = {isa = PBXFileReference; lastKnownFileType = sourcecode.swift; path = superhero_finderApp.swift; sourceTree = "<group>"; };
		08BA028A2C7A9B5B00EAFFA1 /* StackNavigation.swift */ = {isa = PBXFileReference; lastKnownFileType = sourcecode.swift; path = StackNavigation.swift; sourceTree = "<group>"; };
		08BA028C2C7A9B5C00EAFFA1 /* Assets.xcassets */ = {isa = PBXFileReference; lastKnownFileType = folder.assetcatalog; path = Assets.xcassets; sourceTree = "<group>"; };
		08BA028F2C7A9B5C00EAFFA1 /* Preview Assets.xcassets */ = {isa = PBXFileReference; lastKnownFileType = folder.assetcatalog; path = "Preview Assets.xcassets"; sourceTree = "<group>"; };
		08BA02982C7AA3BB00EAFFA1 /* PrincipalView.swift */ = {isa = PBXFileReference; lastKnownFileType = sourcecode.swift; path = PrincipalView.swift; sourceTree = "<group>"; };
		08C5BD8F2C815DF400FEBFF8 /* SuperheroDetail.swift */ = {isa = PBXFileReference; lastKnownFileType = sourcecode.swift; path = SuperheroDetail.swift; sourceTree = "<group>"; };
/* End PBXFileReference section */

/* Begin PBXFrameworksBuildPhase section */
		08BA02822C7A9B5B00EAFFA1 /* Frameworks */ = {
			isa = PBXFrameworksBuildPhase;
			buildActionMask = 2147483647;
			files = (
				083A490B2C80191E00E310C3 /* SDWebImageSwiftUI in Frameworks */,
			);
			runOnlyForDeploymentPostprocessing = 0;
		};
/* End PBXFrameworksBuildPhase section */

/* Begin PBXGroup section */
		087FED872C7D77E8002E76F2 /* API */ = {
			isa = PBXGroup;
			children = (
				087FED882C7D780C002E76F2 /* ApiNetwork.swift */,
			);
			path = API;
			sourceTree = "<group>";
		};
		08BA027C2C7A9B5B00EAFFA1 = {
			isa = PBXGroup;
			children = (
				08BA02872C7A9B5B00EAFFA1 /* superhero_finder */,
				08BA02862C7A9B5B00EAFFA1 /* Products */,
			);
			sourceTree = "<group>";
		};
		08BA02862C7A9B5B00EAFFA1 /* Products */ = {
			isa = PBXGroup;
			children = (
				08BA02852C7A9B5B00EAFFA1 /* superhero_finder.app */,
			);
			name = Products;
			sourceTree = "<group>";
		};
		08BA02872C7A9B5B00EAFFA1 /* superhero_finder */ = {
			isa = PBXGroup;
			children = (
				087FED872C7D77E8002E76F2 /* API */,
				08BA02972C7AA39D00EAFFA1 /* Screens */,
				08BA02962C7A9D6C00EAFFA1 /* StackNavigation */,
				08BA02882C7A9B5B00EAFFA1 /* superhero_finderApp.swift */,
				08BA028C2C7A9B5C00EAFFA1 /* Assets.xcassets */,
				08BA028E2C7A9B5C00EAFFA1 /* Preview Content */,
			);
			path = superhero_finder;
			sourceTree = "<group>";
		};
		08BA028E2C7A9B5C00EAFFA1 /* Preview Content */ = {
			isa = PBXGroup;
			children = (
				08BA028F2C7A9B5C00EAFFA1 /* Preview Assets.xcassets */,
			);
			path = "Preview Content";
			sourceTree = "<group>";
		};
		08BA02962C7A9D6C00EAFFA1 /* StackNavigation */ = {
			isa = PBXGroup;
			children = (
				08BA028A2C7A9B5B00EAFFA1 /* StackNavigation.swift */,
			);
			path = StackNavigation;
			sourceTree = "<group>";
		};
		08BA02972C7AA39D00EAFFA1 /* Screens */ = {
			isa = PBXGroup;
			children = (
				08BA02982C7AA3BB00EAFFA1 /* PrincipalView.swift */,
				08C5BD8F2C815DF400FEBFF8 /* SuperheroDetail.swift */,
			);
			path = Screens;
			sourceTree = "<group>";
		};
/* End PBXGroup section */

/* Begin PBXNativeTarget section */
		08BA02842C7A9B5B00EAFFA1 /* superhero_finder */ = {
			isa = PBXNativeTarget;
			buildConfigurationList = 08BA02932C7A9B5C00EAFFA1 /* Build configuration list for PBXNativeTarget "superhero_finder" */;
			buildPhases = (
				08BA02812C7A9B5B00EAFFA1 /* Sources */,
				08BA02822C7A9B5B00EAFFA1 /* Frameworks */,
				08BA02832C7A9B5B00EAFFA1 /* Resources */,
			);
			buildRules = (
			);
			dependencies = (
			);
			name = superhero_finder;
			packageProductDependencies = (
				083A490A2C80191E00E310C3 /* SDWebImageSwiftUI */,
			);
			productName = superhero_finder;
			productReference = 08BA02852C7A9B5B00EAFFA1 /* superhero_finder.app */;
			productType = "com.apple.product-type.application";
		};
/* End PBXNativeTarget section */

/* Begin PBXProject section */
		08BA027D2C7A9B5B00EAFFA1 /* Project object */ = {
			isa = PBXProject;
			attributes = {
				BuildIndependentTargetsInParallel = 1;
				LastSwiftUpdateCheck = 1540;
				LastUpgradeCheck = 1540;
				TargetAttributes = {
					08BA02842C7A9B5B00EAFFA1 = {
						CreatedOnToolsVersion = 15.4;
					};
				};
			};
			buildConfigurationList = 08BA02802C7A9B5B00EAFFA1 /* Build configuration list for PBXProject "superhero_finder" */;
			compatibilityVersion = "Xcode 14.0";
			developmentRegion = en;
			hasScannedForEncodings = 0;
			knownRegions = (
				en,
				Base,
			);
			mainGroup = 08BA027C2C7A9B5B00EAFFA1;
			packageReferences = (
				083A49092C80191E00E310C3 /* XCRemoteSwiftPackageReference "SDWebImageSwiftUI" */,
			);
			productRefGroup = 08BA02862C7A9B5B00EAFFA1 /* Products */;
			projectDirPath = "";
			projectRoot = "";
			targets = (
				08BA02842C7A9B5B00EAFFA1 /* superhero_finder */,
			);
		};
/* End PBXProject section */

/* Begin PBXResourcesBuildPhase section */
		08BA02832C7A9B5B00EAFFA1 /* Resources */ = {
			isa = PBXResourcesBuildPhase;
			buildActionMask = 2147483647;
			files = (
				08BA02902C7A9B5C00EAFFA1 /* Preview Assets.xcassets in Resources */,
				08BA028D2C7A9B5C00EAFFA1 /* Assets.xcassets in Resources */,
			);
			runOnlyForDeploymentPostprocessing = 0;
		};
/* End PBXResourcesBuildPhase section */

/* Begin PBXSourcesBuildPhase section */
		08BA02812C7A9B5B00EAFFA1 /* Sources */ = {
			isa = PBXSourcesBuildPhase;
			buildActionMask = 2147483647;
			files = (
				08BA028B2C7A9B5B00EAFFA1 /* StackNavigation.swift in Sources */,
				08C5BD902C815DF400FEBFF8 /* SuperheroDetail.swift in Sources */,
				08BA02992C7AA3BB00EAFFA1 /* PrincipalView.swift in Sources */,
				08BA02892C7A9B5B00EAFFA1 /* superhero_finderApp.swift in Sources */,
				087FED892C7D780C002E76F2 /* ApiNetwork.swift in Sources */,
			);
			runOnlyForDeploymentPostprocessing = 0;
		};
/* End PBXSourcesBuildPhase section */

/* Begin XCBuildConfiguration section */
		08BA02912C7A9B5C00EAFFA1 /* Debug */ = {
			isa = XCBuildConfiguration;
			buildSettings = {
				ALWAYS_SEARCH_USER_PATHS = NO;
				ASSETCATALOG_COMPILER_GENERATE_SWIFT_ASSET_SYMBOL_EXTENSIONS = YES;
				CLANG_ANALYZER_NONNULL = YES;
				CLANG_ANALYZER_NUMBER_OBJECT_CONVERSION = YES_AGGRESSIVE;
				CLANG_CXX_LANGUAGE_STANDARD = "gnu++20";
				CLANG_ENABLE_MODULES = YES;
				CLANG_ENABLE_OBJC_ARC = YES;
				CLANG_ENABLE_OBJC_WEAK = YES;
				CLANG_WARN_BLOCK_CAPTURE_AUTORELEASING = YES;
				CLANG_WARN_BOOL_CONVERSION = YES;
				CLANG_WARN_COMMA = YES;
				CLANG_WARN_CONSTANT_CONVERSION = YES;
				CLANG_WARN_DEPRECATED_OBJC_IMPLEMENTATIONS = YES;
				CLANG_WARN_DIRECT_OBJC_ISA_USAGE = YES_ERROR;
				CLANG_WARN_DOCUMENTATION_COMMENTS = YES;
				CLANG_WARN_EMPTY_BODY = YES;
				CLANG_WARN_ENUM_CONVERSION = YES;
				CLANG_WARN_INFINITE_RECURSION = YES;
				CLANG_WARN_INT_CONVERSION = YES;
				CLANG_WARN_NON_LITERAL_NULL_CONVERSION = YES;
				CLANG_WARN_OBJC_IMPLICIT_RETAIN_SELF = YES;
				CLANG_WARN_OBJC_LITERAL_CONVERSION = YES;
				CLANG_WARN_OBJC_ROOT_CLASS = YES_ERROR;
				CLANG_WARN_QUOTED_INCLUDE_IN_FRAMEWORK_HEADER = YES;
				CLANG_WARN_RANGE_LOOP_ANALYSIS = YES;
				CLANG_WARN_STRICT_PROTOTYPES = YES;
				CLANG_WARN_SUSPICIOUS_MOVE = YES;
				CLANG_WARN_UNGUARDED_AVAILABILITY = YES_AGGRESSIVE;
				CLANG_WARN_UNREACHABLE_CODE = YES;
				CLANG_WARN__DUPLICATE_METHOD_MATCH = YES;
				COPY_PHASE_STRIP = NO;
				DEBUG_INFORMATION_FORMAT = dwarf;
				ENABLE_STRICT_OBJC_MSGSEND = YES;
				ENABLE_TESTABILITY = YES;
				ENABLE_USER_SCRIPT_SANDBOXING = YES;
				GCC_C_LANGUAGE_STANDARD = gnu17;
				GCC_DYNAMIC_NO_PIC = NO;
				GCC_NO_COMMON_BLOCKS = YES;
				GCC_OPTIMIZATION_LEVEL = 0;
				GCC_PREPROCESSOR_DEFINITIONS = (
					"DEBUG=1",
					"$(inherited)",
				);
				GCC_WARN_64_TO_32_BIT_CONVERSION = YES;
				GCC_WARN_ABOUT_RETURN_TYPE = YES_ERROR;
				GCC_WARN_UNDECLARED_SELECTOR = YES;
				GCC_WARN_UNINITIALIZED_AUTOS = YES_AGGRESSIVE;
				GCC_WARN_UNUSED_FUNCTION = YES;
				GCC_WARN_UNUSED_VARIABLE = YES;
				IPHONEOS_DEPLOYMENT_TARGET = 17.5;
				LOCALIZATION_PREFERS_STRING_CATALOGS = YES;
				MTL_ENABLE_DEBUG_INFO = INCLUDE_SOURCE;
				MTL_FAST_MATH = YES;
				ONLY_ACTIVE_ARCH = YES;
				SDKROOT = iphoneos;
				SWIFT_ACTIVE_COMPILATION_CONDITIONS = "DEBUG $(inherited)";
				SWIFT_OPTIMIZATION_LEVEL = "-Onone";
			};
			name = Debug;
		};
		08BA02922C7A9B5C00EAFFA1 /* Release */ = {
			isa = XCBuildConfiguration;
			buildSettings = {
				ALWAYS_SEARCH_USER_PATHS = NO;
				ASSETCATALOG_COMPILER_GENERATE_SWIFT_ASSET_SYMBOL_EXTENSIONS = YES;
				CLANG_ANALYZER_NONNULL = YES;
				CLANG_ANALYZER_NUMBER_OBJECT_CONVERSION = YES_AGGRESSIVE;
				CLANG_CXX_LANGUAGE_STANDARD = "gnu++20";
				CLANG_ENABLE_MODULES = YES;
				CLANG_ENABLE_OBJC_ARC = YES;
				CLANG_ENABLE_OBJC_WEAK = YES;
				CLANG_WARN_BLOCK_CAPTURE_AUTORELEASING = YES;
				CLANG_WARN_BOOL_CONVERSION = YES;
				CLANG_WARN_COMMA = YES;
				CLANG_WARN_CONSTANT_CONVERSION = YES;
				CLANG_WARN_DEPRECATED_OBJC_IMPLEMENTATIONS = YES;
				CLANG_WARN_DIRECT_OBJC_ISA_USAGE = YES_ERROR;
				CLANG_WARN_DOCUMENTATION_COMMENTS = YES;
				CLANG_WARN_EMPTY_BODY = YES;
				CLANG_WARN_ENUM_CONVERSION = YES;
				CLANG_WARN_INFINITE_RECURSION = YES;
				CLANG_WARN_INT_CONVERSION = YES;
				CLANG_WARN_NON_LITERAL_NULL_CONVERSION = YES;
				CLANG_WARN_OBJC_IMPLICIT_RETAIN_SELF = YES;
				CLANG_WARN_OBJC_LITERAL_CONVERSION = YES;
				CLANG_WARN_OBJC_ROOT_CLASS = YES_ERROR;
				CLANG_WARN_QUOTED_INCLUDE_IN_FRAMEWORK_HEADER = YES;
				CLANG_WARN_RANGE_LOOP_ANALYSIS = YES;
				CLANG_WARN_STRICT_PROTOTYPES = YES;
				CLANG_WARN_SUSPICIOUS_MOVE = YES;
				CLANG_WARN_UNGUARDED_AVAILABILITY = YES_AGGRESSIVE;
				CLANG_WARN_UNREACHABLE_CODE = YES;
				CLANG_WARN__DUPLICATE_METHOD_MATCH = YES;
				COPY_PHASE_STRIP = NO;
				DEBUG_INFORMATION_FORMAT = "dwarf-with-dsym";
				ENABLE_NS_ASSERTIONS = NO;
				ENABLE_STRICT_OBJC_MSGSEND = YES;
				ENABLE_USER_SCRIPT_SANDBOXING = YES;
				GCC_C_LANGUAGE_STANDARD = gnu17;
				GCC_NO_COMMON_BLOCKS = YES;
				GCC_WARN_64_TO_32_BIT_CONVERSION = YES;
				GCC_WARN_ABOUT_RETURN_TYPE = YES_ERROR;
				GCC_WARN_UNDECLARED_SELECTOR = YES;
				GCC_WARN_UNINITIALIZED_AUTOS = YES_AGGRESSIVE;
				GCC_WARN_UNUSED_FUNCTION = YES;
				GCC_WARN_UNUSED_VARIABLE = YES;
				IPHONEOS_DEPLOYMENT_TARGET = 17.5;
				LOCALIZATION_PREFERS_STRING_CATALOGS = YES;
				MTL_ENABLE_DEBUG_INFO = NO;
				MTL_FAST_MATH = YES;
				SDKROOT = iphoneos;
				SWIFT_COMPILATION_MODE = wholemodule;
				VALIDATE_PRODUCT = YES;
			};
			name = Release;
		};
		08BA02942C7A9B5C00EAFFA1 /* Debug */ = {
			isa = XCBuildConfiguration;
			buildSettings = {
				ASSETCATALOG_COMPILER_APPICON_NAME = AppIcon;
				ASSETCATALOG_COMPILER_GLOBAL_ACCENT_COLOR_NAME = AccentColor;
				CODE_SIGN_STYLE = Automatic;
				CURRENT_PROJECT_VERSION = 1;
				DEVELOPMENT_ASSET_PATHS = "\"superhero_finder/Preview Content\"";
				DEVELOPMENT_TEAM = SVB9UZ2QRF;
				ENABLE_PREVIEWS = YES;
				GENERATE_INFOPLIST_FILE = YES;
				INFOPLIST_KEY_UIApplicationSceneManifest_Generation = YES;
				INFOPLIST_KEY_UIApplicationSupportsIndirectInputEvents = YES;
				INFOPLIST_KEY_UILaunchScreen_Generation = YES;
				INFOPLIST_KEY_UISupportedInterfaceOrientations_iPad = "UIInterfaceOrientationPortrait UIInterfaceOrientationPortraitUpsideDown UIInterfaceOrientationLandscapeLeft UIInterfaceOrientationLandscapeRight";
				INFOPLIST_KEY_UISupportedInterfaceOrientations_iPhone = "UIInterfaceOrientationPortrait UIInterfaceOrientationLandscapeLeft UIInterfaceOrientationLandscapeRight";
				LD_RUNPATH_SEARCH_PATHS = (
					"$(inherited)",
					"@executable_path/Frameworks",
				);
				MARKETING_VERSION = 1.0;
				PRODUCT_BUNDLE_IDENTIFIER = "com.AlejoPractica.superhero-finder.superhero-finder";
				PRODUCT_NAME = "$(TARGET_NAME)";
				SWIFT_EMIT_LOC_STRINGS = YES;
				SWIFT_VERSION = 5.0;
				TARGETED_DEVICE_FAMILY = "1,2";
			};
			name = Debug;
		};
		08BA02952C7A9B5C00EAFFA1 /* Release */ = {
			isa = XCBuildConfiguration;
			buildSettings = {
				ASSETCATALOG_COMPILER_APPICON_NAME = AppIcon;
				ASSETCATALOG_COMPILER_GLOBAL_ACCENT_COLOR_NAME = AccentColor;
				CODE_SIGN_STYLE = Automatic;
				CURRENT_PROJECT_VERSION = 1;
				DEVELOPMENT_ASSET_PATHS = "\"superhero_finder/Preview Content\"";
				DEVELOPMENT_TEAM = SVB9UZ2QRF;
				ENABLE_PREVIEWS = YES;
				GENERATE_INFOPLIST_FILE = YES;
				INFOPLIST_KEY_UIApplicationSceneManifest_Generation = YES;
				INFOPLIST_KEY_UIApplicationSupportsIndirectInputEvents = YES;
				INFOPLIST_KEY_UILaunchScreen_Generation = YES;
				INFOPLIST_KEY_UISupportedInterfaceOrientations_iPad = "UIInterfaceOrientationPortrait UIInterfaceOrientationPortraitUpsideDown UIInterfaceOrientationLandscapeLeft UIInterfaceOrientationLandscapeRight";
				INFOPLIST_KEY_UISupportedInterfaceOrientations_iPhone = "UIInterfaceOrientationPortrait UIInterfaceOrientationLandscapeLeft UIInterfaceOrientationLandscapeRight";
				LD_RUNPATH_SEARCH_PATHS = (
					"$(inherited)",
					"@executable_path/Frameworks",
				);
				MARKETING_VERSION = 1.0;
				PRODUCT_BUNDLE_IDENTIFIER = "com.AlejoPractica.superhero-finder.superhero-finder";
				PRODUCT_NAME = "$(TARGET_NAME)";
				SWIFT_EMIT_LOC_STRINGS = YES;
				SWIFT_VERSION = 5.0;
				TARGETED_DEVICE_FAMILY = "1,2";
			};
			name = Release;
		};
/* End XCBuildConfiguration section */

/* Begin XCConfigurationList section */
		08BA02802C7A9B5B00EAFFA1 /* Build configuration list for PBXProject "superhero_finder" */ = {
			isa = XCConfigurationList;
			buildConfigurations = (
				08BA02912C7A9B5C00EAFFA1 /* Debug */,
				08BA02922C7A9B5C00EAFFA1 /* Release */,
			);
			defaultConfigurationIsVisible = 0;
			defaultConfigurationName = Release;
		};
		08BA02932C7A9B5C00EAFFA1 /* Build configuration list for PBXNativeTarget "superhero_finder" */ = {
			isa = XCConfigurationList;
			buildConfigurations = (
				08BA02942C7A9B5C00EAFFA1 /* Debug */,
				08BA02952C7A9B5C00EAFFA1 /* Release */,
			);
			defaultConfigurationIsVisible = 0;
			defaultConfigurationName = Release;
		};
/* End XCConfigurationList section */

/* Begin XCRemoteSwiftPackageReference section */
		083A49092C80191E00E310C3 /* XCRemoteSwiftPackageReference "SDWebImageSwiftUI" */ = {
			isa = XCRemoteSwiftPackageReference;
			repositoryURL = "https://github.com/SDWebImage/SDWebImageSwiftUI";
			requirement = {
				kind = upToNextMajorVersion;
				minimumVersion = 3.1.1;
			};
		};
/* End XCRemoteSwiftPackageReference section */

/* Begin XCSwiftPackageProductDependency section */
		083A490A2C80191E00E310C3 /* SDWebImageSwiftUI */ = {
			isa = XCSwiftPackageProductDependency;
			package = 083A49092C80191E00E310C3 /* XCRemoteSwiftPackageReference "SDWebImageSwiftUI" */;
			productName = SDWebImageSwiftUI;
		};
/* End XCSwiftPackageProductDependency section */
	};
	rootObject = 08BA027D2C7A9B5B00EAFFA1 /* Project object */;
}
